
Microsoft Visual Studio Solution File, Format Version 12.00
# Visual Studio 15
VisualStudioVersion = 15.0.27130.2036
MinimumVisualStudioVersion = 10.0.40219.1
Project("{8BC9CEB8-8B4A-11D0-8D11-00A0C91BC942}") = "Yocta", "Yocta.vcxproj", "{36A3A9DC-DEDA-4D57-8578-FBEA1C21BAF7}"
EndProject
Global
	GlobalSection(SolutionConfigurationPlatforms) = preSolution
		Debug|x64 = Debug|x64
		Debug|x86 = Debug|x86
		Release|x64 = Release|x64
		Release|x86 = Release|x86
	EndGlobalSection
	GlobalSection(ProjectConfigurationPlatforms) = postSolution
		{36A3A9DC-DEDA-4D57-8578-FBEA1C21BAF7}.Debug|x64.ActiveCfg = Debug|x64
		{36A3A9DC-DEDA-4D57-8578-FBEA1C21BAF7}.Debug|x64.Build.0 = Debug|x64
		{36A3A9DC-DEDA-4D57-8578-FBEA1C21BAF7}.Debug|x86.ActiveCfg = Debug|Win32
		{36A3A9DC-DEDA-4D57-8578-FBEA1C21BAF7}.Debug|x86.Build.0 = Debug|Win32
		{36A3A9DC-DEDA-4D57-8578-FBEA1C21BAF7}.Release|x64.ActiveCfg = Release|x64
		{36A3A9DC-DEDA-4D57-8578-FBEA1C21BAF7}.Release|x64.Build.0 = Release|x64
		{36A3A9DC-DEDA-4D57-8578-FBEA1C21BAF7}.Release|x86.ActiveCfg = Release|Win32
		{36A3A9DC-DEDA-4D57-8578-FBEA1C21BAF7}.Release|x86.Build.0 = Release|Win32
	EndGlobalSection
	GlobalSection(SolutionProperties) = preSolution
		HideSolutionNode = FALSE
	EndGlobalSection
	GlobalSection(ExtensibilityGlobals) = postSolution
		SolutionGuid = {CC49DA1A-53E3-4883-832D-95011D31B2A4}
	EndGlobalSection
EndGlobal
